// !$*UTF8*$!
{
	archiveVersion = 1;
	classes = {
	};
	objectVersion = 46;
	objects = {

/* Begin PBXBuildFile section */
		040FC2D41D59D4B200B8A186 /* main.m in Sources */ = {isa = PBXBuildFile; fileRef = 040FC2D31D59D4B200B8A186 /* main.m */; };
		040FC2D71D59D4B200B8A186 /* AppDelegate.m in Sources */ = {isa = PBXBuildFile; fileRef = 040FC2D61D59D4B200B8A186 /* AppDelegate.m */; };
		040FC2DA1D59D4B200B8A186 /* ViewController.m in Sources */ = {isa = PBXBuildFile; fileRef = 040FC2D91D59D4B200B8A186 /* ViewController.m */; };
		040FC2DD1D59D4B300B8A186 /* Main.storyboard in Resources */ = {isa = PBXBuildFile; fileRef = 040FC2DB1D59D4B300B8A186 /* Main.storyboard */; };
		040FC2DF1D59D4B300B8A186 /* Assets.xcassets in Resources */ = {isa = PBXBuildFile; fileRef = 040FC2DE1D59D4B300B8A186 /* Assets.xcassets */; };
		040FC2E21D59D4B300B8A186 /* LaunchScreen.storyboard in Resources */ = {isa = PBXBuildFile; fileRef = 040FC2E01D59D4B300B8A186 /* LaunchScreen.storyboard */; };
		040FC2EA1D59E09E00B8A186 /* MAMapKit.framework in Frameworks */ = {isa = PBXBuildFile; fileRef = 040FC2E91D59E09E00B8A186 /* MAMapKit.framework */; };
		040FC2EC1D59E0CD00B8A186 /* AMapSearchKit.framework in Frameworks */ = {isa = PBXBuildFile; fileRef = 040FC2EB1D59E0CD00B8A186 /* AMapSearchKit.framework */; };
		040FC2F01D59F78200B8A186 /* UIKit.framework in Frameworks */ = {isa = PBXBuildFile; fileRef = 040FC2EF1D59F78100B8A186 /* UIKit.framework */; };
		040FC2F21D59F79900B8A186 /* Foundation.framework in Frameworks */ = {isa = PBXBuildFile; fileRef = 040FC2F11D59F79900B8A186 /* Foundation.framework */; };
		040FC2F41D59F7A600B8A186 /* CoreGraphics.framework in Frameworks */ = {isa = PBXBuildFile; fileRef = 040FC2F31D59F7A600B8A186 /* CoreGraphics.framework */; };
		040FC2F61D59F7B300B8A186 /* QuartzCore.framework in Frameworks */ = {isa = PBXBuildFile; fileRef = 040FC2F51D59F7B300B8A186 /* QuartzCore.framework */; };
		040FC2F81D59F7C200B8A186 /* OpenGLES.framework in Frameworks */ = {isa = PBXBuildFile; fileRef = 040FC2F71D59F7C200B8A186 /* OpenGLES.framework */; };
		040FC2FA1D59F7D000B8A186 /* CoreLocation.framework in Frameworks */ = {isa = PBXBuildFile; fileRef = 040FC2F91D59F7D000B8A186 /* CoreLocation.framework */; };
		040FC3001D59F80200B8A186 /* libz.tbd in Frameworks */ = {isa = PBXBuildFile; fileRef = 040FC2FF1D59F80200B8A186 /* libz.tbd */; };
		040FC3021D59F83400B8A186 /* libc++.tbd in Frameworks */ = {isa = PBXBuildFile; fileRef = 040FC3011D59F83400B8A186 /* libc++.tbd */; };
		040FC3051D59FB3800B8A186 /* SystemConfiguration.framework in Frameworks */ = {isa = PBXBuildFile; fileRef = 040FC2FD1D59F7EC00B8A186 /* SystemConfiguration.framework */; };
		040FC3061D59FB4900B8A186 /* CoreTelephony.framework in Frameworks */ = {isa = PBXBuildFile; fileRef = 040FC2FB1D59F7DF00B8A186 /* CoreTelephony.framework */; };
		040FC3071D59FB5300B8A186 /* Security.framework in Frameworks */ = {isa = PBXBuildFile; fileRef = 040FC3031D59F83E00B8A186 /* Security.framework */; };
		04935F601D5B246B00128A9F /* AMap.bundle in Resources */ = {isa = PBXBuildFile; fileRef = 04935F5F1D5B246B00128A9F /* AMap.bundle */; };
		04A06D371D5AC0300068073E /* AMapFoundationKit.framework in Frameworks */ = {isa = PBXBuildFile; fileRef = 04A06D361D5AC0300068073E /* AMapFoundationKit.framework */; };
/* End PBXBuildFile section */

/* Begin PBXFileReference section */
		040FC2CF1D59D4B200B8A186 /* 1.app */ = {isa = PBXFileReference; explicitFileType = wrapper.application; includeInIndex = 0; path = 1.app; sourceTree = BUILT_PRODUCTS_DIR; };
		040FC2D31D59D4B200B8A186 /* main.m */ = {isa = PBXFileReference; lastKnownFileType = sourcecode.c.objc; path = main.m; sourceTree = "<group>"; };
		040FC2D51D59D4B200B8A186 /* AppDelegate.h */ = {isa = PBXFileReference; lastKnownFileType = sourcecode.c.h; path = AppDelegate.h; sourceTree = "<group>"; };
		040FC2D61D59D4B200B8A186 /* AppDelegate.m */ = {isa = PBXFileReference; lastKnownFileType = sourcecode.c.objc; path = AppDelegate.m; sourceTree = "<group>"; };
		040FC2D81D59D4B200B8A186 /* ViewController.h */ = {isa = PBXFileReference; lastKnownFileType = sourcecode.c.h; path = ViewController.h; sourceTree = "<group>"; };
		040FC2D91D59D4B200B8A186 /* ViewController.m */ = {isa = PBXFileReference; lastKnownFileType = sourcecode.c.objc; path = ViewController.m; sourceTree = "<group>"; };
		040FC2DC1D59D4B300B8A186 /* Base */ = {isa = PBXFileReference; lastKnownFileType = file.storyboard; name = Base; path = Base.lproj/Main.storyboard; sourceTree = "<group>"; };
		040FC2DE1D59D4B300B8A186 /* Assets.xcassets */ = {isa = PBXFileReference; lastKnownFileType = folder.assetcatalog; path = Assets.xcassets; sourceTree = "<group>"; };
		040FC2E11D59D4B300B8A186 /* Base */ = {isa = PBXFileReference; lastKnownFileType = file.storyboard; name = Base; path = Base.lproj/LaunchScreen.storyboard; sourceTree = "<group>"; };
		040FC2E31D59D4B300B8A186 /* Info.plist */ = {isa = PBXFileReference; lastKnownFileType = text.plist.xml; path = Info.plist; sourceTree = "<group>"; };
		040FC2E91D59E09E00B8A186 /* MAMapKit.framework */ = {isa = PBXFileReference; lastKnownFileType = wrapper.framework; path = MAMapKit.framework; sourceTree = "<group>"; };
		040FC2EB1D59E0CD00B8A186 /* AMapSearchKit.framework */ = {isa = PBXFileReference; lastKnownFileType = wrapper.framework; path = AMapSearchKit.framework; sourceTree = "<group>"; };
		040FC2EF1D59F78100B8A186 /* UIKit.framework */ = {isa = PBXFileReference; lastKnownFileType = wrapper.framework; name = UIKit.framework; path = System/Library/Frameworks/UIKit.framework; sourceTree = SDKROOT; };
		040FC2F11D59F79900B8A186 /* Foundation.framework */ = {isa = PBXFileReference; lastKnownFileType = wrapper.framework; name = Foundation.framework; path = System/Library/Frameworks/Foundation.framework; sourceTree = SDKROOT; };
		040FC2F31D59F7A600B8A186 /* CoreGraphics.framework */ = {isa = PBXFileReference; lastKnownFileType = wrapper.framework; name = CoreGraphics.framework; path = System/Library/Frameworks/CoreGraphics.framework; sourceTree = SDKROOT; };
		040FC2F51D59F7B300B8A186 /* QuartzCore.framework */ = {isa = PBXFileReference; lastKnownFileType = wrapper.framework; name = QuartzCore.framework; path = System/Library/Frameworks/QuartzCore.framework; sourceTree = SDKROOT; };
		040FC2F71D59F7C200B8A186 /* OpenGLES.framework */ = {isa = PBXFileReference; lastKnownFileType = wrapper.framework; name = OpenGLES.framework; path = System/Library/Frameworks/OpenGLES.framework; sourceTree = SDKROOT; };
		040FC2F91D59F7D000B8A186 /* CoreLocation.framework */ = {isa = PBXFileReference; lastKnownFileType = wrapper.framework; name = CoreLocation.framework; path = System/Library/Frameworks/CoreLocation.framework; sourceTree = SDKROOT; };
		040FC2FB1D59F7DF00B8A186 /* CoreTelephony.framework */ = {isa = PBXFileReference; lastKnownFileType = wrapper.framework; name = CoreTelephony.framework; path = System/Library/Frameworks/CoreTelephony.framework; sourceTree = SDKROOT; };
		040FC2FD1D59F7EC00B8A186 /* SystemConfiguration.framework */ = {isa = PBXFileReference; lastKnownFileType = wrapper.framework; name = SystemConfiguration.framework; path = System/Library/Frameworks/SystemConfiguration.framework; sourceTree = SDKROOT; };
		040FC2FF1D59F80200B8A186 /* libz.tbd */ = {isa = PBXFileReference; lastKnownFileType = "sourcecode.text-based-dylib-definition"; name = libz.tbd; path = usr/lib/libz.tbd; sourceTree = SDKROOT; };
		040FC3011D59F83400B8A186 /* libc++.tbd */ = {isa = PBXFileReference; lastKnownFileType = "sourcecode.text-based-dylib-definition"; name = "libc++.tbd"; path = "usr/lib/libc++.tbd"; sourceTree = SDKROOT; };
		040FC3031D59F83E00B8A186 /* Security.framework */ = {isa = PBXFileReference; lastKnownFileType = wrapper.framework; name = Security.framework; path = System/Library/Frameworks/Security.framework; sourceTree = SDKROOT; };
		04935F5F1D5B246B00128A9F /* AMap.bundle */ = {isa = PBXFileReference; lastKnownFileType = "wrapper.plug-in"; path = AMap.bundle; sourceTree = "<group>"; };
		04A06D361D5AC0300068073E /* AMapFoundationKit.framework */ = {isa = PBXFileReference; lastKnownFileType = wrapper.framework; name = AMapFoundationKit.framework; path = ../../Downloads/new/AMapFoundationKit.framework; sourceTree = "<group>"; };
/* End PBXFileReference section */

/* Begin PBXFrameworksBuildPhase section */
		040FC2CC1D59D4B200B8A186 /* Frameworks */ = {
			isa = PBXFrameworksBuildPhase;
			buildActionMask = 2147483647;
			files = (
				04A06D371D5AC0300068073E /* AMapFoundationKit.framework in Frameworks */,
				040FC3071D59FB5300B8A186 /* Security.framework in Frameworks */,
				040FC3061D59FB4900B8A186 /* CoreTelephony.framework in Frameworks */,
				040FC3051D59FB3800B8A186 /* SystemConfiguration.framework in Frameworks */,
				040FC3021D59F83400B8A186 /* libc++.tbd in Frameworks */,
				040FC3001D59F80200B8A186 /* libz.tbd in Frameworks */,
				040FC2FA1D59F7D000B8A186 /* CoreLocation.framework in Frameworks */,
				040FC2F81D59F7C200B8A186 /* OpenGLES.framework in Frameworks */,
				040FC2F61D59F7B300B8A186 /* QuartzCore.framework in Frameworks */,
				040FC2F41D59F7A600B8A186 /* CoreGraphics.framework in Frameworks */,
				040FC2F21D59F79900B8A186 /* Foundation.framework in Frameworks */,
				040FC2F01D59F78200B8A186 /* UIKit.framework in Frameworks */,
				040FC2EC1D59E0CD00B8A186 /* AMapSearchKit.framework in Frameworks */,
				040FC2EA1D59E09E00B8A186 /* MAMapKit.framework in Frameworks */,
			);
			runOnlyForDeploymentPostprocessing = 0;
		};
/* End PBXFrameworksBuildPhase section */

/* Begin PBXGroup section */
		040FC2C61D59D4B200B8A186 = {
			isa = PBXGroup;
			children = (
				04A06D391D5AC4150068073E /* framework */,
				040FC2D11D59D4B200B8A186 /* 1 */,
				040FC2D01D59D4B200B8A186 /* Products */,
			);
			sourceTree = "<group>";
		};
		040FC2D01D59D4B200B8A186 /* Products */ = {
			isa = PBXGroup;
			children = (
				040FC2CF1D59D4B200B8A186 /* 1.app */,
			);
			name = Products;
			sourceTree = "<group>";
		};
		040FC2D11D59D4B200B8A186 /* 1 */ = {
			isa = PBXGroup;
			children = (
				040FC2D51D59D4B200B8A186 /* AppDelegate.h */,
				040FC2D61D59D4B200B8A186 /* AppDelegate.m */,
				040FC2D81D59D4B200B8A186 /* ViewController.h */,
				040FC2D91D59D4B200B8A186 /* ViewController.m */,
				040FC2DB1D59D4B300B8A186 /* Main.storyboard */,
				040FC2DE1D59D4B300B8A186 /* Assets.xcassets */,
				040FC2E01D59D4B300B8A186 /* LaunchScreen.storyboard */,
				040FC2E31D59D4B300B8A186 /* Info.plist */,
				040FC2D21D59D4B200B8A186 /* Supporting Files */,
			);
			path = 1;
			sourceTree = "<group>";
		};
		040FC2D21D59D4B200B8A186 /* Supporting Files */ = {
			isa = PBXGroup;
			children = (
				040FC2D31D59D4B200B8A186 /* main.m */,
			);
			name = "Supporting Files";
			sourceTree = "<group>";
		};
		04A06D391D5AC4150068073E /* framework */ = {
			isa = PBXGroup;
			children = (
				04935F5F1D5B246B00128A9F /* AMap.bundle */,
				04A06D361D5AC0300068073E /* AMapFoundationKit.framework */,
				040FC3031D59F83E00B8A186 /* Security.framework */,
				040FC3011D59F83400B8A186 /* libc++.tbd */,
				040FC2FF1D59F80200B8A186 /* libz.tbd */,
				040FC2FD1D59F7EC00B8A186 /* SystemConfiguration.framework */,
				040FC2FB1D59F7DF00B8A186 /* CoreTelephony.framework */,
				040FC2F91D59F7D000B8A186 /* CoreLocation.framework */,
				040FC2F71D59F7C200B8A186 /* OpenGLES.framework */,
				040FC2F51D59F7B300B8A186 /* QuartzCore.framework */,
				040FC2F31D59F7A600B8A186 /* CoreGraphics.framework */,
				040FC2F11D59F79900B8A186 /* Foundation.framework */,
				040FC2EF1D59F78100B8A186 /* UIKit.framework */,
				040FC2EB1D59E0CD00B8A186 /* AMapSearchKit.framework */,
				040FC2E91D59E09E00B8A186 /* MAMapKit.framework */,
			);
			name = framework;
			sourceTree = "<group>";
		};
/* End PBXGroup section */

/* Begin PBXNativeTarget section */
		040FC2CE1D59D4B200B8A186 /* 1 */ = {
			isa = PBXNativeTarget;
			buildConfigurationList = 040FC2E61D59D4B300B8A186 /* Build configuration list for PBXNativeTarget "1" */;
			buildPhases = (
				040FC2CB1D59D4B200B8A186 /* Sources */,
				040FC2CC1D59D4B200B8A186 /* Frameworks */,
				040FC2CD1D59D4B200B8A186 /* Resources */,
			);
			buildRules = (
			);
			dependencies = (
			);
			name = 1;
			productName = 1;
			productReference = 040FC2CF1D59D4B200B8A186 /* 1.app */;
			productType = "com.apple.product-type.application";
		};
/* End PBXNativeTarget section */

/* Begin PBXProject section */
		040FC2C71D59D4B200B8A186 /* Project object */ = {
			isa = PBXProject;
			attributes = {
				LastUpgradeCheck = 0730;
				ORGANIZATIONNAME = Mac;
				TargetAttributes = {
					040FC2CE1D59D4B200B8A186 = {
						CreatedOnToolsVersion = 7.3.1;
					};
				};
			};
			buildConfigurationList = 040FC2CA1D59D4B200B8A186 /* Build configuration list for PBXProject "1" */;
			compatibilityVersion = "Xcode 3.2";
			developmentRegion = English;
			hasScannedForEncodings = 0;
			knownRegions = (
				en,
				Base,
			);
			mainGroup = 040FC2C61D59D4B200B8A186;
			productRefGroup = 040FC2D01D59D4B200B8A186 /* Products */;
			projectDirPath = "";
			projectRoot = "";
			targets = (
				040FC2CE1D59D4B200B8A186 /* 1 */,
			);
		};
/* End PBXProject section */

/* Begin PBXResourcesBuildPhase section */
		040FC2CD1D59D4B200B8A186 /* Resources */ = {
			isa = PBXResourcesBuildPhase;
			buildActionMask = 2147483647;
			files = (
				040FC2E21D59D4B300B8A186 /* LaunchScreen.storyboard in Resources */,
				040FC2DF1D59D4B300B8A186 /* Assets.xcassets in Resources */,
				04935F601D5B246B00128A9F /* AMap.bundle in Resources */,
				040FC2DD1D59D4B300B8A186 /* Main.storyboard in Resources */,
			);
			runOnlyForDeploymentPostprocessing = 0;
		};
/* End PBXResourcesBuildPhase section */

/* Begin PBXSourcesBuildPhase section */
		040FC2CB1D59D4B200B8A186 /* Sources */ = {
			isa = PBXSourcesBuildPhase;
			buildActionMask = 2147483647;
			files = (
				040FC2DA1D59D4B200B8A186 /* ViewController.m in Sources */,
				040FC2D71D59D4B200B8A186 /* AppDelegate.m in Sources */,
				040FC2D41D59D4B200B8A186 /* main.m in Sources */,
			);
			runOnlyForDeploymentPostprocessing = 0;
		};
/* End PBXSourcesBuildPhase section */

/* Begin PBXVariantGroup section */
		040FC2DB1D59D4B300B8A186 /* Main.storyboard */ = {
			isa = PBXVariantGroup;
			children = (
				040FC2DC1D59D4B300B8A186 /* Base */,
			);
			name = Main.storyboard;
			sourceTree = "<group>";
		};
		040FC2E01D59D4B300B8A186 /* LaunchScreen.storyboard */ = {
			isa = PBXVariantGroup;
			children = (
				040FC2E11D59D4B300B8A186 /* Base */,
			);
			name = LaunchScreen.storyboard;
			sourceTree = "<group>";
		};
/* End PBXVariantGroup section */

/* Begin XCBuildConfiguration section */
		040FC2E41D59D4B300B8A186 /* Debug */ = {
			isa = XCBuildConfiguration;
			buildSettings = {
				ALWAYS_SEARCH_USER_PATHS = NO;
				CLANG_ANALYZER_NONNULL = YES;
				CLANG_CXX_LANGUAGE_STANDARD = "gnu++0x";
				CLANG_CXX_LIBRARY = "libc++";
				CLANG_ENABLE_MODULES = YES;
				CLANG_ENABLE_OBJC_ARC = YES;
				CLANG_WARN_BOOL_CONVERSION = YES;
				CLANG_WARN_CONSTANT_CONVERSION = YES;
				CLANG_WARN_DIRECT_OBJC_ISA_USAGE = YES_ERROR;
				CLANG_WARN_EMPTY_BODY = YES;
				CLANG_WARN_ENUM_CONVERSION = YES;
				CLANG_WARN_INT_CONVERSION = YES;
				CLANG_WARN_OBJC_ROOT_CLASS = YES_ERROR;
				CLANG_WARN_UNREACHABLE_CODE = YES;
				CLANG_WARN__DUPLICATE_METHOD_MATCH = YES;
				"CODE_SIGN_IDENTITY[sdk=iphoneos*]" = "iPhone Developer";
				COPY_PHASE_STRIP = NO;
				DEBUG_INFORMATION_FORMAT = dwarf;
				ENABLE_STRICT_OBJC_MSGSEND = YES;
				ENABLE_TESTABILITY = YES;
				GCC_C_LANGUAGE_STANDARD = gnu99;
				GCC_DYNAMIC_NO_PIC = NO;
				GCC_NO_COMMON_BLOCKS = YES;
				GCC_OPTIMIZATION_LEVEL = 0;
				GCC_PREPROCESSOR_DEFINITIONS = (
					"DEBUG=1",
					"$(inherited)",
				);
				GCC_WARN_64_TO_32_BIT_CONVERSION = YES;
				GCC_WARN_ABOUT_RETURN_TYPE = YES_ERROR;
				GCC_WARN_UNDECLARED_SELECTOR = YES;
				GCC_WARN_UNINITIALIZED_AUTOS = YES_AGGRESSIVE;
				GCC_WARN_UNUSED_FUNCTION = YES;
				GCC_WARN_UNUSED_VARIABLE = YES;
				IPHONEOS_DEPLOYMENT_TARGET = 9.3;
				MTL_ENABLE_DEBUG_INFO = YES;
				ONLY_ACTIVE_ARCH = YES;
				SDKROOT = iphoneos;
				TARGETED_DEVICE_FAMILY = "1,2";
			};
			name = Debug;
		};
		040FC2E51D59D4B300B8A186 /* Release */ = {
			isa = XCBuildConfiguration;
			buildSettings = {
				ALWAYS_SEARCH_USER_PATHS = NO;
				CLANG_ANALYZER_NONNULL = YES;
				CLANG_CXX_LANGUAGE_STANDARD = "gnu++0x";
				CLANG_CXX_LIBRARY = "libc++";
				CLANG_ENABLE_MODULES = YES;
				CLANG_ENABLE_OBJC_ARC = YES;
				CLANG_WARN_BOOL_CONVERSION = YES;
				CLANG_WARN_CONSTANT_CONVERSION = YES;
				CLANG_WARN_DIRECT_OBJC_ISA_USAGE = YES_ERROR;
				CLANG_WARN_EMPTY_BODY = YES;
				CLANG_WARN_ENUM_CONVERSION = YES;
				CLANG_WARN_INT_CONVERSION = YES;
				CLANG_WARN_OBJC_ROOT_CLASS = YES_ERROR;
				CLANG_WARN_UNREACHABLE_CODE = YES;
				CLANG_WARN__DUPLICATE_METHOD_MATCH = YES;
				"CODE_SIGN_IDENTITY[sdk=iphoneos*]" = "iPhone Developer";
				COPY_PHASE_STRIP = NO;
				DEBUG_INFORMATION_FORMAT = "dwarf-with-dsym";
				ENABLE_NS_ASSERTIONS = NO;
				ENABLE_STRICT_OBJC_MSGSEND = YES;
				GCC_C_LANGUAGE_STANDARD = gnu99;
				GCC_NO_COMMON_BLOCKS = YES;
				GCC_WARN_64_TO_32_BIT_CONVERSION = YES;
				GCC_WARN_ABOUT_RETURN_TYPE = YES_ERROR;
				GCC_WARN_UNDECLARED_SELECTOR = YES;
				GCC_WARN_UNINITIALIZED_AUTOS = YES_AGGRESSIVE;
				GCC_WARN_UNUSED_FUNCTION = YES;
				GCC_WARN_UNUSED_VARIABLE = YES;
				IPHONEOS_DEPLOYMENT_TARGET = 9.3;
				MTL_ENABLE_DEBUG_INFO = NO;
				SDKROOT = iphoneos;
				TARGETED_DEVICE_FAMILY = "1,2";
				VALIDATE_PRODUCT = YES;
			};
			name = Release;
		};
		040FC2E71D59D4B300B8A186 /* Debug */ = {
			isa = XCBuildConfiguration;
			buildSettings = {
				ASSETCATALOG_COMPILER_APPICON_NAME = AppIcon;
				FRAMEWORK_SEARCH_PATHS = (
					"$(inherited)",
					"$(PROJECT_DIR)",
				);
				INFOPLIST_FILE = 1/Info.plist;
				LD_RUNPATH_SEARCH_PATHS = "$(inherited) @executable_path/Frameworks";
				OTHER_LDFLAGS = "-objC";
				PRODUCT_BUNDLE_IDENTIFIER = Y;
				PRODUCT_NAME = "$(TARGET_NAME)";
			};
			name = Debug;
		};
		040FC2E81D59D4B300B8A186 /* Release */ = {
			isa = XCBuildConfiguration;
			buildSettings = {
				ASSETCATALOG_COMPILER_APPICON_NAME = AppIcon;
				FRAMEWORK_SEARCH_PATHS = (
					"$(inherited)",
					"$(PROJECT_DIR)",
				);
				INFOPLIST_FILE = 1/Info.plist;
				LD_RUNPATH_SEARCH_PATHS = "$(inherited) @executable_path/Frameworks";
				OTHER_LDFLAGS = "-objC";
				PRODUCT_BUNDLE_IDENTIFIER = Y;
				PRODUCT_NAME = "$(TARGET_NAME)";
			};
			name = Release;
		};
/* End XCBuildConfiguration section */

/* Begin XCConfigurationList section */
		040FC2CA1D59D4B200B8A186 /* Build configuration list for PBXProject "1" */ = {
			isa = XCConfigurationList;
			buildConfigurations = (
				040FC2E41D59D4B300B8A186 /* Debug */,
				040FC2E51D59D4B300B8A186 /* Release */,
			);
			defaultConfigurationIsVisible = 0;
			defaultConfigurationName = Release;
		};
		040FC2E61D59D4B300B8A186 /* Build configuration list for PBXNativeTarget "1" */ = {
			isa = XCConfigurationList;
			buildConfigurations = (
				040FC2E71D59D4B300B8A186 /* Debug */,
				040FC2E81D59D4B300B8A186 /* Release */,
			);
			defaultConfigurationIsVisible = 0;
			defaultConfigurationName = Release;
		};
/* End XCConfigurationList section */
	};
	rootObject = 040FC2C71D59D4B200B8A186 /* Project object */;
}
